
Microsoft Visual Studio Solution File, Format Version 12.00
# Visual Studio Version 16
VisualStudioVersion = 16.0.32407.337
MinimumVisualStudioVersion = 10.0.40219.1
Project("{FAE04EC0-301F-11D3-BF4B-00C04F79EFBC}") = "LSenseX2022", "LSenseX2022\LSenseX2022.csproj", "{31C3D35A-F07D-4272-8294-B407C3BA8A98}"
EndProject
Global
	GlobalSection(SolutionConfigurationPlatforms) = preSolution
		Debug|Any CPU = Debug|Any CPU
		Release|Any CPU = Release|Any CPU
	EndGlobalSection
	GlobalSection(ProjectConfigurationPlatforms) = postSolution
		{31C3D35A-F07D-4272-8294-B407C3BA8A98}.Debug|Any CPU.ActiveCfg = Debug|Any CPU
		{31C3D35A-F07D-4272-8294-B407C3BA8A98}.Debug|Any CPU.Build.0 = Debug|Any CPU
		{31C3D35A-F07D-4272-8294-B407C3BA8A98}.Release|Any CPU.ActiveCfg = Release|Any CPU
		{31C3D35A-F07D-4272-8294-B407C3BA8A98}.Release|Any CPU.Build.0 = Release|Any CPU
	EndGlobalSection
	GlobalSection(SolutionProperties) = preSolution
		HideSolutionNode = FALSE
	EndGlobalSection
	GlobalSection(ExtensibilityGlobals) = postSolution
		SolutionGuid = {96FB306F-6760-48D0-B63A-0E64C6685619}
	EndGlobalSection
EndGlobal
